// !$*UTF8*$!
{
	archiveVersion = 1;
	classes = {
	};
	objectVersion = 77;
	objects = {

/* Begin PBXBuildFile section */
		281F79822EC382AB006D5D37 /* Buxiauyg.xcframework in Frameworks */ = {isa = PBXBuildFile; fileRef = 281F79812EC382AB006D5D37 /* Buxiauyg.xcframework */; };
		67E4D2510D004F38B4336E3F /* Pods_MultiSort.framework in Frameworks */ = {isa = PBXBuildFile; fileRef = 3BAB58B65C39696986BC66AF /* Pods_MultiSort.framework */; };
		FE3E734D2EC3765400B52821 /* GameVoyage+Actions.swift in Sources */ = {isa = PBXBuildFile; fileRef = FE3E73332EC3765400B52821 /* GameVoyage+Actions.swift */; };
		FE3E734E2EC3765400B52821 /* SceneDelegate.swift in Sources */ = {isa = PBXBuildFile; fileRef = FE3E73432EC3765400B52821 /* SceneDelegate.swift */; };
		FE3E734F2EC3765400B52821 /* ScoreArchive.swift in Sources */ = {isa = PBXBuildFile; fileRef = FE3E73442EC3765400B52821 /* ScoreArchive.swift */; };
		FE3E73502EC3765400B52821 /* RecordsVoyage+Actions.swift in Sources */ = {isa = PBXBuildFile; fileRef = FE3E73402EC3765400B52821 /* RecordsVoyage+Actions.swift */; };
		FE3E73512EC3765400B52821 /* InstructionsVoyage.swift in Sources */ = {isa = PBXBuildFile; fileRef = FE3E733B2EC3765400B52821 /* InstructionsVoyage.swift */; };
		FE3E73522EC3765400B52821 /* WelcomeVoyage+Appearance.swift in Sources */ = {isa = PBXBuildFile; fileRef = FE3E734B2EC3765400B52821 /* WelcomeVoyage+Appearance.swift */; };
		FE3E73532EC3765400B52821 /* TileVessel.swift in Sources */ = {isa = PBXBuildFile; fileRef = FE3E73462EC3765400B52821 /* TileVessel.swift */; };
		FE3E73542EC3765400B52821 /* GameVoyage+Hierarchy.swift in Sources */ = {isa = PBXBuildFile; fileRef = FE3E73372EC3765400B52821 /* GameVoyage+Hierarchy.swift */; };
		FE3E73552EC3765400B52821 /* ModeSelectionController.swift in Sources */ = {isa = PBXBuildFile; fileRef = FE3E733D2EC3765400B52821 /* ModeSelectionController.swift */; };
		FE3E73562EC3765400B52821 /* GameVoyage+Appearance.swift in Sources */ = {isa = PBXBuildFile; fileRef = FE3E73342EC3765400B52821 /* GameVoyage+Appearance.swift */; };
		FE3E73572EC3765400B52821 /* RecordsVoyage+TableView.swift in Sources */ = {isa = PBXBuildFile; fileRef = FE3E73422EC3765400B52821 /* RecordsVoyage+TableView.swift */; };
		FE3E73582EC3765400B52821 /* BaseViewController.swift in Sources */ = {isa = PBXBuildFile; fileRef = FE3E73312EC3765400B52821 /* BaseViewController.swift */; };
		FE3E73592EC3765400B52821 /* RecordsVoyage.swift in Sources */ = {isa = PBXBuildFile; fileRef = FE3E733F2EC3765400B52821 /* RecordsVoyage.swift */; };
		FE3E735A2EC3765400B52821 /* GameVoyage+Guidance.swift in Sources */ = {isa = PBXBuildFile; fileRef = FE3E73362EC3765400B52821 /* GameVoyage+Guidance.swift */; };
		FE3E735B2EC3765400B52821 /* RecordsVoyage+Setup.swift in Sources */ = {isa = PBXBuildFile; fileRef = FE3E73412EC3765400B52821 /* RecordsVoyage+Setup.swift */; };
		FE3E735C2EC3765400B52821 /* TileInteractionManager.swift in Sources */ = {isa = PBXBuildFile; fileRef = FE3E73452EC3765400B52821 /* TileInteractionManager.swift */; };
		FE3E735D2EC3765400B52821 /* GameVoyage+Timer.swift in Sources */ = {isa = PBXBuildFile; fileRef = FE3E73392EC3765400B52821 /* GameVoyage+Timer.swift */; };
		FE3E735E2EC3765400B52821 /* AppDelegate.swift in Sources */ = {isa = PBXBuildFile; fileRef = FE3E732F2EC3765400B52821 /* AppDelegate.swift */; };
		FE3E735F2EC3765400B52821 /* GameVoyage.swift in Sources */ = {isa = PBXBuildFile; fileRef = FE3E73322EC3765400B52821 /* GameVoyage.swift */; };
		FE3E73602EC3765400B52821 /* MultiSortImages.swift in Sources */ = {isa = PBXBuildFile; fileRef = FE3E733E2EC3765400B52821 /* MultiSortImages.swift */; };
		FE3E73612EC3765400B52821 /* GameVoyage+Variant.swift in Sources */ = {isa = PBXBuildFile; fileRef = FE3E733A2EC3765400B52821 /* GameVoyage+Variant.swift */; };
		FE3E73622EC3765400B52821 /* UIView+Radiance.swift in Sources */ = {isa = PBXBuildFile; fileRef = FE3E73472EC3765400B52821 /* UIView+Radiance.swift */; };
		FE3E73632EC3765400B52821 /* WelcomeVoyage+Actions.swift in Sources */ = {isa = PBXBuildFile; fileRef = FE3E734A2EC3765400B52821 /* WelcomeVoyage+Actions.swift */; };
		FE3E73642EC3765400B52821 /* WelcomeVoyage+Hierarchy.swift in Sources */ = {isa = PBXBuildFile; fileRef = FE3E734C2EC3765400B52821 /* WelcomeVoyage+Hierarchy.swift */; };
		FE3E73652EC3765400B52821 /* GameVoyage+TileManagement.swift in Sources */ = {isa = PBXBuildFile; fileRef = FE3E73382EC3765400B52821 /* GameVoyage+TileManagement.swift */; };
		FE3E73662EC3765400B52821 /* BaseModalController.swift in Sources */ = {isa = PBXBuildFile; fileRef = FE3E73302EC3765400B52821 /* BaseModalController.swift */; };
		FE3E73672EC3765400B52821 /* VibrantConstants.swift in Sources */ = {isa = PBXBuildFile; fileRef = FE3E73482EC3765400B52821 /* VibrantConstants.swift */; };
		FE3E73682EC3765400B52821 /* InstructionsVoyage+Setup.swift in Sources */ = {isa = PBXBuildFile; fileRef = FE3E733C2EC3765400B52821 /* InstructionsVoyage+Setup.swift */; };
		FE3E73692EC3765400B52821 /* GameVoyage+Gestures.swift in Sources */ = {isa = PBXBuildFile; fileRef = FE3E73352EC3765400B52821 /* GameVoyage+Gestures.swift */; };
		FE3E736A2EC3765400B52821 /* WelcomeVoyage.swift in Sources */ = {isa = PBXBuildFile; fileRef = FE3E73492EC3765400B52821 /* WelcomeVoyage.swift */; };
		FEEC17702EBA574100FD105A /* MultiSort.xcdatamodeld in Sources */ = {isa = PBXBuildFile; fileRef = FEEC176A2EBA574100FD105A /* MultiSort.xcdatamodeld */; };
		FEEC17732EBA574100FD105A /* Assets.xcassets in Resources */ = {isa = PBXBuildFile; fileRef = FEEC17642EBA574100FD105A /* Assets.xcassets */; };
		FEEC17752EBA574100FD105A /* LaunchScreen.storyboard in Resources */ = {isa = PBXBuildFile; fileRef = FEEC17672EBA574100FD105A /* LaunchScreen.storyboard */; };
		FEEC17762EBA574100FD105A /* Main.storyboard in Resources */ = {isa = PBXBuildFile; fileRef = FEEC17692EBA574100FD105A /* Main.storyboard */; };
		FEEC179F2EBA60B000FD105A /* GameVariant.swift in Sources */ = {isa = PBXBuildFile; fileRef = FEEC179F2EBA60B001FD105A /* GameVariant.swift */; };
/* End PBXBuildFile section */

/* Begin PBXFileReference section */
		281F79812EC382AB006D5D37 /* Buxiauyg.xcframework */ = {isa = PBXFileReference; lastKnownFileType = wrapper.xcframework; path = Buxiauyg.xcframework; sourceTree = "<group>"; };
		3BAB58B65C39696986BC66AF /* Pods_MultiSort.framework */ = {isa = PBXFileReference; explicitFileType = wrapper.framework; includeInIndex = 0; path = Pods_MultiSort.framework; sourceTree = BUILT_PRODUCTS_DIR; };
		691BA9B98E001AA95740A8CC /* Pods-MultiSort.debug.xcconfig */ = {isa = PBXFileReference; includeInIndex = 1; lastKnownFileType = text.xcconfig; name = "Pods-MultiSort.debug.xcconfig"; path = "Target Support Files/Pods-MultiSort/Pods-MultiSort.debug.xcconfig"; sourceTree = "<group>"; };
		BE56F330F74B6F0F976E92D1 /* Pods-MultiSort.release.xcconfig */ = {isa = PBXFileReference; includeInIndex = 1; lastKnownFileType = text.xcconfig; name = "Pods-MultiSort.release.xcconfig"; path = "Target Support Files/Pods-MultiSort/Pods-MultiSort.release.xcconfig"; sourceTree = "<group>"; };
		FE3E732F2EC3765400B52821 /* AppDelegate.swift */ = {isa = PBXFileReference; lastKnownFileType = sourcecode.swift; path = AppDelegate.swift; sourceTree = "<group>"; };
		FE3E73302EC3765400B52821 /* BaseModalController.swift */ = {isa = PBXFileReference; lastKnownFileType = sourcecode.swift; path = BaseModalController.swift; sourceTree = "<group>"; };
		FE3E73312EC3765400B52821 /* BaseViewController.swift */ = {isa = PBXFileReference; lastKnownFileType = sourcecode.swift; path = BaseViewController.swift; sourceTree = "<group>"; };
		FE3E73322EC3765400B52821 /* GameVoyage.swift */ = {isa = PBXFileReference; lastKnownFileType = sourcecode.swift; path = GameVoyage.swift; sourceTree = "<group>"; };
		FE3E73332EC3765400B52821 /* GameVoyage+Actions.swift */ = {isa = PBXFileReference; lastKnownFileType = sourcecode.swift; path = "GameVoyage+Actions.swift"; sourceTree = "<group>"; };
		FE3E73342EC3765400B52821 /* GameVoyage+Appearance.swift */ = {isa = PBXFileReference; lastKnownFileType = sourcecode.swift; path = "GameVoyage+Appearance.swift"; sourceTree = "<group>"; };
		FE3E73352EC3765400B52821 /* GameVoyage+Gestures.swift */ = {isa = PBXFileReference; lastKnownFileType = sourcecode.swift; path = "GameVoyage+Gestures.swift"; sourceTree = "<group>"; };
		FE3E73362EC3765400B52821 /* GameVoyage+Guidance.swift */ = {isa = PBXFileReference; lastKnownFileType = sourcecode.swift; path = "GameVoyage+Guidance.swift"; sourceTree = "<group>"; };
		FE3E73372EC3765400B52821 /* GameVoyage+Hierarchy.swift */ = {isa = PBXFileReference; lastKnownFileType = sourcecode.swift; path = "GameVoyage+Hierarchy.swift"; sourceTree = "<group>"; };
		FE3E73382EC3765400B52821 /* GameVoyage+TileManagement.swift */ = {isa = PBXFileReference; lastKnownFileType = sourcecode.swift; path = "GameVoyage+TileManagement.swift"; sourceTree = "<group>"; };
		FE3E73392EC3765400B52821 /* GameVoyage+Timer.swift */ = {isa = PBXFileReference; lastKnownFileType = sourcecode.swift; path = "GameVoyage+Timer.swift"; sourceTree = "<group>"; };
		FE3E733A2EC3765400B52821 /* GameVoyage+Variant.swift */ = {isa = PBXFileReference; lastKnownFileType = sourcecode.swift; path = "GameVoyage+Variant.swift"; sourceTree = "<group>"; };
		FE3E733B2EC3765400B52821 /* InstructionsVoyage.swift */ = {isa = PBXFileReference; lastKnownFileType = sourcecode.swift; path = InstructionsVoyage.swift; sourceTree = "<group>"; };
		FE3E733C2EC3765400B52821 /* InstructionsVoyage+Setup.swift */ = {isa = PBXFileReference; lastKnownFileType = sourcecode.swift; path = "InstructionsVoyage+Setup.swift"; sourceTree = "<group>"; };
		FE3E733D2EC3765400B52821 /* ModeSelectionController.swift */ = {isa = PBXFileReference; lastKnownFileType = sourcecode.swift; path = ModeSelectionController.swift; sourceTree = "<group>"; };
		FE3E733E2EC3765400B52821 /* MultiSortImages.swift */ = {isa = PBXFileReference; lastKnownFileType = sourcecode.swift; path = MultiSortImages.swift; sourceTree = "<group>"; };
		FE3E733F2EC3765400B52821 /* RecordsVoyage.swift */ = {isa = PBXFileReference; lastKnownFileType = sourcecode.swift; path = RecordsVoyage.swift; sourceTree = "<group>"; };
		FE3E73402EC3765400B52821 /* RecordsVoyage+Actions.swift */ = {isa = PBXFileReference; lastKnownFileType = sourcecode.swift; path = "RecordsVoyage+Actions.swift"; sourceTree = "<group>"; };
		FE3E73412EC3765400B52821 /* RecordsVoyage+Setup.swift */ = {isa = PBXFileReference; lastKnownFileType = sourcecode.swift; path = "RecordsVoyage+Setup.swift"; sourceTree = "<group>"; };
		FE3E73422EC3765400B52821 /* RecordsVoyage+TableView.swift */ = {isa = PBXFileReference; lastKnownFileType = sourcecode.swift; path = "RecordsVoyage+TableView.swift"; sourceTree = "<group>"; };
		FE3E73432EC3765400B52821 /* SceneDelegate.swift */ = {isa = PBXFileReference; lastKnownFileType = sourcecode.swift; path = SceneDelegate.swift; sourceTree = "<group>"; };
		FE3E73442EC3765400B52821 /* ScoreArchive.swift */ = {isa = PBXFileReference; lastKnownFileType = sourcecode.swift; path = ScoreArchive.swift; sourceTree = "<group>"; };
		FE3E73452EC3765400B52821 /* TileInteractionManager.swift */ = {isa = PBXFileReference; lastKnownFileType = sourcecode.swift; path = TileInteractionManager.swift; sourceTree = "<group>"; };
		FE3E73462EC3765400B52821 /* TileVessel.swift */ = {isa = PBXFileReference; lastKnownFileType = sourcecode.swift; path = TileVessel.swift; sourceTree = "<group>"; };
		FE3E73472EC3765400B52821 /* UIView+Radiance.swift */ = {isa = PBXFileReference; lastKnownFileType = sourcecode.swift; path = "UIView+Radiance.swift"; sourceTree = "<group>"; };
		FE3E73482EC3765400B52821 /* VibrantConstants.swift */ = {isa = PBXFileReference; lastKnownFileType = sourcecode.swift; path = VibrantConstants.swift; sourceTree = "<group>"; };
		FE3E73492EC3765400B52821 /* WelcomeVoyage.swift */ = {isa = PBXFileReference; lastKnownFileType = sourcecode.swift; path = WelcomeVoyage.swift; sourceTree = "<group>"; };
		FE3E734A2EC3765400B52821 /* WelcomeVoyage+Actions.swift */ = {isa = PBXFileReference; lastKnownFileType = sourcecode.swift; path = "WelcomeVoyage+Actions.swift"; sourceTree = "<group>"; };
		FE3E734B2EC3765400B52821 /* WelcomeVoyage+Appearance.swift */ = {isa = PBXFileReference; lastKnownFileType = sourcecode.swift; path = "WelcomeVoyage+Appearance.swift"; sourceTree = "<group>"; };
		FE3E734C2EC3765400B52821 /* WelcomeVoyage+Hierarchy.swift */ = {isa = PBXFileReference; lastKnownFileType = sourcecode.swift; path = "WelcomeVoyage+Hierarchy.swift"; sourceTree = "<group>"; };
		FEEC17482EBA573100FD105A /* MultiSort.app */ = {isa = PBXFileReference; explicitFileType = wrapper.application; includeInIndex = 0; path = MultiSort.app; sourceTree = BUILT_PRODUCTS_DIR; };
		FEEC17642EBA574100FD105A /* Assets.xcassets */ = {isa = PBXFileReference; lastKnownFileType = folder.assetcatalog; path = Assets.xcassets; sourceTree = "<group>"; };
		FEEC17652EBA574100FD105A /* Info.plist */ = {isa = PBXFileReference; lastKnownFileType = text.plist.xml; path = Info.plist; sourceTree = "<group>"; };
		FEEC17662EBA574100FD105A /* Base */ = {isa = PBXFileReference; lastKnownFileType = file.storyboard; name = Base; path = Base.lproj/LaunchScreen.storyboard; sourceTree = "<group>"; };
		FEEC17682EBA574100FD105A /* Base */ = {isa = PBXFileReference; lastKnownFileType = file.storyboard; name = Base; path = Base.lproj/Main.storyboard; sourceTree = "<group>"; };
		FEEC176E2EBA574100FD105A /* MultiSort.xcdatamodel */ = {isa = PBXFileReference; lastKnownFileType = wrapper.xcdatamodel; path = MultiSort.xcdatamodel; sourceTree = "<group>"; };
		FEEC179F2EBA60B001FD105A /* GameVariant.swift */ = {isa = PBXFileReference; lastKnownFileType = sourcecode.swift; path = GameVariant.swift; sourceTree = "<group>"; };
/* End PBXFileReference section */

/* Begin PBXFrameworksBuildPhase section */
		FEEC17452EBA573100FD105A /* Frameworks */ = {
			isa = PBXFrameworksBuildPhase;
			buildActionMask = 2147483647;
			files = (
				67E4D2510D004F38B4336E3F /* Pods_MultiSort.framework in Frameworks */,
				281F79822EC382AB006D5D37 /* Buxiauyg.xcframework in Frameworks */,
			);
			runOnlyForDeploymentPostprocessing = 0;
		};
/* End PBXFrameworksBuildPhase section */

/* Begin PBXGroup section */
		5ABEB330D1CBF8B6A6AE6443 /* Pods */ = {
			isa = PBXGroup;
			children = (
				691BA9B98E001AA95740A8CC /* Pods-MultiSort.debug.xcconfig */,
				BE56F330F74B6F0F976E92D1 /* Pods-MultiSort.release.xcconfig */,
			);
			path = Pods;
			sourceTree = "<group>";
		};
		D1762B60E765D5421A748ED8 /* Frameworks */ = {
			isa = PBXGroup;
			children = (
				3BAB58B65C39696986BC66AF /* Pods_MultiSort.framework */,
			);
			name = Frameworks;
			sourceTree = "<group>";
		};
		FEEC173F2EBA573100FD105A = {
			isa = PBXGroup;
			children = (
				FEEC176D2EBA574100FD105A /* MultiSort */,
				FEEC17492EBA573100FD105A /* Products */,
				5ABEB330D1CBF8B6A6AE6443 /* Pods */,
				D1762B60E765D5421A748ED8 /* Frameworks */,
			);
			sourceTree = "<group>";
		};
		FEEC17492EBA573100FD105A /* Products */ = {
			isa = PBXGroup;
			children = (
				FEEC17482EBA573100FD105A /* MultiSort.app */,
			);
			name = Products;
			sourceTree = "<group>";
		};
		FEEC176D2EBA574100FD105A /* MultiSort */ = {
			isa = PBXGroup;
			children = (
				FE3E732F2EC3765400B52821 /* AppDelegate.swift */,
				FE3E73302EC3765400B52821 /* BaseModalController.swift */,
				FE3E73312EC3765400B52821 /* BaseViewController.swift */,
				FE3E73322EC3765400B52821 /* GameVoyage.swift */,
				FE3E73332EC3765400B52821 /* GameVoyage+Actions.swift */,
				FE3E73342EC3765400B52821 /* GameVoyage+Appearance.swift */,
				FE3E73352EC3765400B52821 /* GameVoyage+Gestures.swift */,
				FE3E73362EC3765400B52821 /* GameVoyage+Guidance.swift */,
				FE3E73372EC3765400B52821 /* GameVoyage+Hierarchy.swift */,
				FE3E73382EC3765400B52821 /* GameVoyage+TileManagement.swift */,
				FE3E73392EC3765400B52821 /* GameVoyage+Timer.swift */,
				FE3E733A2EC3765400B52821 /* GameVoyage+Variant.swift */,
				FE3E733B2EC3765400B52821 /* InstructionsVoyage.swift */,
				FE3E733C2EC3765400B52821 /* InstructionsVoyage+Setup.swift */,
				FE3E733D2EC3765400B52821 /* ModeSelectionController.swift */,
				FE3E733E2EC3765400B52821 /* MultiSortImages.swift */,
				FE3E733F2EC3765400B52821 /* RecordsVoyage.swift */,
				FE3E73402EC3765400B52821 /* RecordsVoyage+Actions.swift */,
				FE3E73412EC3765400B52821 /* RecordsVoyage+Setup.swift */,
				FE3E73422EC3765400B52821 /* RecordsVoyage+TableView.swift */,
				FE3E73432EC3765400B52821 /* SceneDelegate.swift */,
				FE3E73442EC3765400B52821 /* ScoreArchive.swift */,
				FE3E73452EC3765400B52821 /* TileInteractionManager.swift */,
				FE3E73462EC3765400B52821 /* TileVessel.swift */,
				FE3E73472EC3765400B52821 /* UIView+Radiance.swift */,
				281F79812EC382AB006D5D37 /* Buxiauyg.xcframework */,
				FE3E73482EC3765400B52821 /* VibrantConstants.swift */,
				FE3E73492EC3765400B52821 /* WelcomeVoyage.swift */,
				FE3E734A2EC3765400B52821 /* WelcomeVoyage+Actions.swift */,
				FE3E734B2EC3765400B52821 /* WelcomeVoyage+Appearance.swift */,
				FE3E734C2EC3765400B52821 /* WelcomeVoyage+Hierarchy.swift */,
				FEEC17642EBA574100FD105A /* Assets.xcassets */,
				FEEC17652EBA574100FD105A /* Info.plist */,
				FEEC17672EBA574100FD105A /* LaunchScreen.storyboard */,
				FEEC17692EBA574100FD105A /* Main.storyboard */,
				FEEC176A2EBA574100FD105A /* MultiSort.xcdatamodeld */,
				FEEC179F2EBA60B001FD105A /* GameVariant.swift */,
			);
			path = MultiSort;
			sourceTree = "<group>";
		};
/* End PBXGroup section */

/* Begin PBXNativeTarget section */
		FEEC17472EBA573100FD105A /* MultiSort */ = {
			isa = PBXNativeTarget;
			buildConfigurationList = FEEC175E2EBA573300FD105A /* Build configuration list for PBXNativeTarget "MultiSort" */;
			buildPhases = (
				39A4AFB26758A518E0387152 /* [CP] Check Pods Manifest.lock */,
				FEEC17442EBA573100FD105A /* Sources */,
				FEEC17452EBA573100FD105A /* Frameworks */,
				FEEC17462EBA573100FD105A /* Resources */,
				4C54A685DECC47E4AC95B12A /* [CP] Embed Pods Frameworks */,
			);
			buildRules = (
			);
			dependencies = (
			);
			name = MultiSort;
			productName = MultiSort;
			productReference = FEEC17482EBA573100FD105A /* MultiSort.app */;
			productType = "com.apple.product-type.application";
		};
/* End PBXNativeTarget section */

/* Begin PBXProject section */
		FEEC17402EBA573100FD105A /* Project object */ = {
			isa = PBXProject;
			attributes = {
				BuildIndependentTargetsInParallel = 1;
				LastSwiftUpdateCheck = 1630;
				LastUpgradeCheck = 1630;
				TargetAttributes = {
					FEEC17472EBA573100FD105A = {
						CreatedOnToolsVersion = 16.3;
					};
				};
			};
			buildConfigurationList = FEEC17432EBA573100FD105A /* Build configuration list for PBXProject "MultiSort" */;
			developmentRegion = en;
			hasScannedForEncodings = 0;
			knownRegions = (
				en,
				Base,
			);
			mainGroup = FEEC173F2EBA573100FD105A;
			minimizedProjectReferenceProxies = 1;
			preferredProjectObjectVersion = 77;
			productRefGroup = FEEC17492EBA573100FD105A /* Products */;
			projectDirPath = "";
			projectRoot = "";
			targets = (
				FEEC17472EBA573100FD105A /* MultiSort */,
			);
		};
/* End PBXProject section */

/* Begin PBXResourcesBuildPhase section */
		FEEC17462EBA573100FD105A /* Resources */ = {
			isa = PBXResourcesBuildPhase;
			buildActionMask = 2147483647;
			files = (
				FEEC17732EBA574100FD105A /* Assets.xcassets in Resources */,
				FEEC17752EBA574100FD105A /* LaunchScreen.storyboard in Resources */,
				FEEC17762EBA574100FD105A /* Main.storyboard in Resources */,
			);
			runOnlyForDeploymentPostprocessing = 0;
		};
/* End PBXResourcesBuildPhase section */

/* Begin PBXShellScriptBuildPhase section */
		39A4AFB26758A518E0387152 /* [CP] Check Pods Manifest.lock */ = {
			isa = PBXShellScriptBuildPhase;
			buildActionMask = 2147483647;
			files = (
			);
			inputFileListPaths = (
			);
			inputPaths = (
				"${PODS_PODFILE_DIR_PATH}/Podfile.lock",
				"${PODS_ROOT}/Manifest.lock",
			);
			name = "[CP] Check Pods Manifest.lock";
			outputFileListPaths = (
			);
			outputPaths = (
				"$(DERIVED_FILE_DIR)/Pods-MultiSort-checkManifestLockResult.txt",
			);
			runOnlyForDeploymentPostprocessing = 0;
			shellPath = /bin/sh;
			shellScript = "diff \"${PODS_PODFILE_DIR_PATH}/Podfile.lock\" \"${PODS_ROOT}/Manifest.lock\" > /dev/null\nif [ $? != 0 ] ; then\n    # print error to STDERR\n    echo \"error: The sandbox is not in sync with the Podfile.lock. Run 'pod install' or update your CocoaPods installation.\" >&2\n    exit 1\nfi\n# This output is used by Xcode 'outputs' to avoid re-running this script phase.\necho \"SUCCESS\" > \"${SCRIPT_OUTPUT_FILE_0}\"\n";
			showEnvVarsInLog = 0;
		};
		4C54A685DECC47E4AC95B12A /* [CP] Embed Pods Frameworks */ = {
			isa = PBXShellScriptBuildPhase;
			buildActionMask = 2147483647;
			files = (
			);
			inputFileListPaths = (
				"${PODS_ROOT}/Target Support Files/Pods-MultiSort/Pods-MultiSort-frameworks-${CONFIGURATION}-input-files.xcfilelist",
			);
			inputPaths = (
			);
			name = "[CP] Embed Pods Frameworks";
			outputFileListPaths = (
				"${PODS_ROOT}/Target Support Files/Pods-MultiSort/Pods-MultiSort-frameworks-${CONFIGURATION}-output-files.xcfilelist",
			);
			outputPaths = (
			);
			runOnlyForDeploymentPostprocessing = 0;
			shellPath = /bin/sh;
			shellScript = "\"${PODS_ROOT}/Target Support Files/Pods-MultiSort/Pods-MultiSort-frameworks.sh\"\n";
			showEnvVarsInLog = 0;
		};
/* End PBXShellScriptBuildPhase section */

/* Begin PBXSourcesBuildPhase section */
		FEEC17442EBA573100FD105A /* Sources */ = {
			isa = PBXSourcesBuildPhase;
			buildActionMask = 2147483647;
			files = (
				FEEC179F2EBA60B000FD105A /* GameVariant.swift in Sources */,
				FEEC17702EBA574100FD105A /* MultiSort.xcdatamodeld in Sources */,
				FE3E734D2EC3765400B52821 /* GameVoyage+Actions.swift in Sources */,
				FE3E734E2EC3765400B52821 /* SceneDelegate.swift in Sources */,
				FE3E734F2EC3765400B52821 /* ScoreArchive.swift in Sources */,
				FE3E73502EC3765400B52821 /* RecordsVoyage+Actions.swift in Sources */,
				FE3E73512EC3765400B52821 /* InstructionsVoyage.swift in Sources */,
				FE3E73522EC3765400B52821 /* WelcomeVoyage+Appearance.swift in Sources */,
				FE3E73532EC3765400B52821 /* TileVessel.swift in Sources */,
				FE3E73542EC3765400B52821 /* GameVoyage+Hierarchy.swift in Sources */,
				FE3E73552EC3765400B52821 /* ModeSelectionController.swift in Sources */,
				FE3E73562EC3765400B52821 /* GameVoyage+Appearance.swift in Sources */,
				FE3E73572EC3765400B52821 /* RecordsVoyage+TableView.swift in Sources */,
				FE3E73582EC3765400B52821 /* BaseViewController.swift in Sources */,
				FE3E73592EC3765400B52821 /* RecordsVoyage.swift in Sources */,
				FE3E735A2EC3765400B52821 /* GameVoyage+Guidance.swift in Sources */,
				FE3E735B2EC3765400B52821 /* RecordsVoyage+Setup.swift in Sources */,
				FE3E735C2EC3765400B52821 /* TileInteractionManager.swift in Sources */,
				FE3E735D2EC3765400B52821 /* GameVoyage+Timer.swift in Sources */,
				FE3E735E2EC3765400B52821 /* AppDelegate.swift in Sources */,
				FE3E735F2EC3765400B52821 /* GameVoyage.swift in Sources */,
				FE3E73602EC3765400B52821 /* MultiSortImages.swift in Sources */,
				FE3E73612EC3765400B52821 /* GameVoyage+Variant.swift in Sources */,
				FE3E73622EC3765400B52821 /* UIView+Radiance.swift in Sources */,
				FE3E73632EC3765400B52821 /* WelcomeVoyage+Actions.swift in Sources */,
				FE3E73642EC3765400B52821 /* WelcomeVoyage+Hierarchy.swift in Sources */,
				FE3E73652EC3765400B52821 /* GameVoyage+TileManagement.swift in Sources */,
				FE3E73662EC3765400B52821 /* BaseModalController.swift in Sources */,
				FE3E73672EC3765400B52821 /* VibrantConstants.swift in Sources */,
				FE3E73682EC3765400B52821 /* InstructionsVoyage+Setup.swift in Sources */,
				FE3E73692EC3765400B52821 /* GameVoyage+Gestures.swift in Sources */,
				FE3E736A2EC3765400B52821 /* WelcomeVoyage.swift in Sources */,
			);
			runOnlyForDeploymentPostprocessing = 0;
		};
/* End PBXSourcesBuildPhase section */

/* Begin PBXVariantGroup section */
		FEEC17672EBA574100FD105A /* LaunchScreen.storyboard */ = {
			isa = PBXVariantGroup;
			children = (
				FEEC17662EBA574100FD105A /* Base */,
			);
			name = LaunchScreen.storyboard;
			sourceTree = "<group>";
		};
		FEEC17692EBA574100FD105A /* Main.storyboard */ = {
			isa = PBXVariantGroup;
			children = (
				FEEC17682EBA574100FD105A /* Base */,
			);
			name = Main.storyboard;
			sourceTree = "<group>";
		};
/* End PBXVariantGroup section */

/* Begin XCBuildConfiguration section */
		FEEC175F2EBA573300FD105A /* Debug */ = {
			isa = XCBuildConfiguration;
			baseConfigurationReference = 691BA9B98E001AA95740A8CC /* Pods-MultiSort.debug.xcconfig */;
			buildSettings = {
				ASSETCATALOG_COMPILER_APPICON_NAME = AppIcon;
				ASSETCATALOG_COMPILER_GLOBAL_ACCENT_COLOR_NAME = AccentColor;
				CODE_SIGN_STYLE = Automatic;
				COPY_PHASE_STRIP = YES;
				CURRENT_PROJECT_VERSION = 1;
				DEBUG_INFORMATION_FORMAT = dwarf;
				DEPLOYMENT_POSTPROCESSING = YES;
				ENABLE_USER_SCRIPT_SANDBOXING = NO;
				GENERATE_INFOPLIST_FILE = YES;
				INFOPLIST_FILE = MultiSort/Info.plist;
				INFOPLIST_KEY_CFBundleDisplayName = "Mahjong MultiSort";
				INFOPLIST_KEY_NSUserTrackingUsageDescription = "We will use your data to enhance your user experience and provide personalized advertising services";
				INFOPLIST_KEY_UIApplicationSupportsIndirectInputEvents = YES;
				INFOPLIST_KEY_UILaunchStoryboardName = LaunchScreen;
				INFOPLIST_KEY_UISupportedInterfaceOrientations = UIInterfaceOrientationPortrait;
				INFOPLIST_KEY_UISupportedInterfaceOrientations_iPad = "UIInterfaceOrientationLandscapeLeft UIInterfaceOrientationLandscapeRight UIInterfaceOrientationPortrait UIInterfaceOrientationPortraitUpsideDown";
				IPHONEOS_DEPLOYMENT_TARGET = 14.0;
				LD_RUNPATH_SEARCH_PATHS = (
					"$(inherited)",
					"@executable_path/Frameworks",
				);
				MARKETING_VERSION = 1.1.2;
				PRODUCT_BUNDLE_IDENTIFIER = com.MultiSort.ms;
				PRODUCT_NAME = "$(TARGET_NAME)";
				SUPPORTED_PLATFORMS = "iphoneos iphonesimulator";
				SUPPORTS_MACCATALYST = NO;
				SUPPORTS_MAC_DESIGNED_FOR_IPHONE_IPAD = NO;
				SUPPORTS_XR_DESIGNED_FOR_IPHONE_IPAD = NO;
				SWIFT_EMIT_LOC_STRINGS = YES;
				SWIFT_VERSION = 5.0;
				TARGETED_DEVICE_FAMILY = 1;
			};
			name = Debug;
		};
		FEEC17602EBA573300FD105A /* Release */ = {
			isa = XCBuildConfiguration;
			baseConfigurationReference = BE56F330F74B6F0F976E92D1 /* Pods-MultiSort.release.xcconfig */;
			buildSettings = {
				ASSETCATALOG_COMPILER_APPICON_NAME = AppIcon;
				ASSETCATALOG_COMPILER_GLOBAL_ACCENT_COLOR_NAME = AccentColor;
				CODE_SIGN_STYLE = Automatic;
				COPY_PHASE_STRIP = YES;
				CURRENT_PROJECT_VERSION = 1;
				DEBUG_INFORMATION_FORMAT = dwarf;
				DEPLOYMENT_POSTPROCESSING = YES;
				ENABLE_USER_SCRIPT_SANDBOXING = NO;
				GENERATE_INFOPLIST_FILE = YES;
				INFOPLIST_FILE = MultiSort/Info.plist;
				INFOPLIST_KEY_CFBundleDisplayName = "Mahjong MultiSort";
				INFOPLIST_KEY_NSUserTrackingUsageDescription = "We will use your data to enhance your user experience and provide personalized advertising services";
				INFOPLIST_KEY_UIApplicationSupportsIndirectInputEvents = YES;
				INFOPLIST_KEY_UILaunchStoryboardName = LaunchScreen;
				INFOPLIST_KEY_UISupportedInterfaceOrientations = UIInterfaceOrientationPortrait;
				INFOPLIST_KEY_UISupportedInterfaceOrientations_iPad = "UIInterfaceOrientationLandscapeLeft UIInterfaceOrientationLandscapeRight UIInterfaceOrientationPortrait UIInterfaceOrientationPortraitUpsideDown";
				IPHONEOS_DEPLOYMENT_TARGET = 14.0;
				LD_RUNPATH_SEARCH_PATHS = (
					"$(inherited)",
					"@executable_path/Frameworks",
				);
				MARKETING_VERSION = 1.1.2;
				PRODUCT_BUNDLE_IDENTIFIER = com.MultiSort.ms;
				PRODUCT_NAME = "$(TARGET_NAME)";
				SUPPORTED_PLATFORMS = "iphoneos iphonesimulator";
				SUPPORTS_MACCATALYST = NO;
				SUPPORTS_MAC_DESIGNED_FOR_IPHONE_IPAD = NO;
				SUPPORTS_XR_DESIGNED_FOR_IPHONE_IPAD = NO;
				SWIFT_EMIT_LOC_STRINGS = YES;
				SWIFT_VERSION = 5.0;
				TARGETED_DEVICE_FAMILY = 1;
			};
			name = Release;
		};
		FEEC17612EBA573300FD105A /* Debug */ = {
			isa = XCBuildConfiguration;
			buildSettings = {
				ALWAYS_SEARCH_USER_PATHS = NO;
				ASSETCATALOG_COMPILER_GENERATE_SWIFT_ASSET_SYMBOL_EXTENSIONS = YES;
				CLANG_ANALYZER_NONNULL = YES;
				CLANG_ANALYZER_NUMBER_OBJECT_CONVERSION = YES_AGGRESSIVE;
				CLANG_CXX_LANGUAGE_STANDARD = "gnu++20";
				CLANG_ENABLE_MODULES = YES;
				CLANG_ENABLE_OBJC_ARC = YES;
				CLANG_ENABLE_OBJC_WEAK = YES;
				CLANG_WARN_BLOCK_CAPTURE_AUTORELEASING = YES;
				CLANG_WARN_BOOL_CONVERSION = YES;
				CLANG_WARN_COMMA = YES;
				CLANG_WARN_CONSTANT_CONVERSION = YES;
				CLANG_WARN_DEPRECATED_OBJC_IMPLEMENTATIONS = YES;
				CLANG_WARN_DIRECT_OBJC_ISA_USAGE = YES_ERROR;
				CLANG_WARN_DOCUMENTATION_COMMENTS = YES;
				CLANG_WARN_EMPTY_BODY = YES;
				CLANG_WARN_ENUM_CONVERSION = YES;
				CLANG_WARN_INFINITE_RECURSION = YES;
				CLANG_WARN_INT_CONVERSION = YES;
				CLANG_WARN_NON_LITERAL_NULL_CONVERSION = YES;
				CLANG_WARN_OBJC_IMPLICIT_RETAIN_SELF = YES;
				CLANG_WARN_OBJC_LITERAL_CONVERSION = YES;
				CLANG_WARN_OBJC_ROOT_CLASS = YES_ERROR;
				CLANG_WARN_QUOTED_INCLUDE_IN_FRAMEWORK_HEADER = YES;
				CLANG_WARN_RANGE_LOOP_ANALYSIS = YES;
				CLANG_WARN_STRICT_PROTOTYPES = YES;
				CLANG_WARN_SUSPICIOUS_MOVE = YES;
				CLANG_WARN_UNGUARDED_AVAILABILITY = YES_AGGRESSIVE;
				CLANG_WARN_UNREACHABLE_CODE = YES;
				CLANG_WARN__DUPLICATE_METHOD_MATCH = YES;
				COPY_PHASE_STRIP = NO;
				DEBUG_INFORMATION_FORMAT = dwarf;
				ENABLE_STRICT_OBJC_MSGSEND = YES;
				ENABLE_TESTABILITY = YES;
				ENABLE_USER_SCRIPT_SANDBOXING = YES;
				GCC_C_LANGUAGE_STANDARD = gnu17;
				GCC_DYNAMIC_NO_PIC = NO;
				GCC_NO_COMMON_BLOCKS = YES;
				GCC_OPTIMIZATION_LEVEL = 0;
				GCC_PREPROCESSOR_DEFINITIONS = (
					"DEBUG=1",
					"$(inherited)",
				);
				GCC_WARN_64_TO_32_BIT_CONVERSION = YES;
				GCC_WARN_ABOUT_RETURN_TYPE = YES_ERROR;
				GCC_WARN_UNDECLARED_SELECTOR = YES;
				GCC_WARN_UNINITIALIZED_AUTOS = YES_AGGRESSIVE;
				GCC_WARN_UNUSED_FUNCTION = YES;
				GCC_WARN_UNUSED_VARIABLE = YES;
				IPHONEOS_DEPLOYMENT_TARGET = 18.4;
				LOCALIZATION_PREFERS_STRING_CATALOGS = YES;
				MTL_ENABLE_DEBUG_INFO = INCLUDE_SOURCE;
				MTL_FAST_MATH = YES;
				ONLY_ACTIVE_ARCH = YES;
				SDKROOT = iphoneos;
				SWIFT_ACTIVE_COMPILATION_CONDITIONS = "DEBUG $(inherited)";
				SWIFT_OPTIMIZATION_LEVEL = "-Onone";
			};
			name = Debug;
		};
		FEEC17622EBA573300FD105A /* Release */ = {
			isa = XCBuildConfiguration;
			buildSettings = {
				ALWAYS_SEARCH_USER_PATHS = NO;
				ASSETCATALOG_COMPILER_GENERATE_SWIFT_ASSET_SYMBOL_EXTENSIONS = YES;
				CLANG_ANALYZER_NONNULL = YES;
				CLANG_ANALYZER_NUMBER_OBJECT_CONVERSION = YES_AGGRESSIVE;
				CLANG_CXX_LANGUAGE_STANDARD = "gnu++20";
				CLANG_ENABLE_MODULES = YES;
				CLANG_ENABLE_OBJC_ARC = YES;
				CLANG_ENABLE_OBJC_WEAK = YES;
				CLANG_WARN_BLOCK_CAPTURE_AUTORELEASING = YES;
				CLANG_WARN_BOOL_CONVERSION = YES;
				CLANG_WARN_COMMA = YES;
				CLANG_WARN_CONSTANT_CONVERSION = YES;
				CLANG_WARN_DEPRECATED_OBJC_IMPLEMENTATIONS = YES;
				CLANG_WARN_DIRECT_OBJC_ISA_USAGE = YES_ERROR;
				CLANG_WARN_DOCUMENTATION_COMMENTS = YES;
				CLANG_WARN_EMPTY_BODY = YES;
				CLANG_WARN_ENUM_CONVERSION = YES;
				CLANG_WARN_INFINITE_RECURSION = YES;
				CLANG_WARN_INT_CONVERSION = YES;
				CLANG_WARN_NON_LITERAL_NULL_CONVERSION = YES;
				CLANG_WARN_OBJC_IMPLICIT_RETAIN_SELF = YES;
				CLANG_WARN_OBJC_LITERAL_CONVERSION = YES;
				CLANG_WARN_OBJC_ROOT_CLASS = YES_ERROR;
				CLANG_WARN_QUOTED_INCLUDE_IN_FRAMEWORK_HEADER = YES;
				CLANG_WARN_RANGE_LOOP_ANALYSIS = YES;
				CLANG_WARN_STRICT_PROTOTYPES = YES;
				CLANG_WARN_SUSPICIOUS_MOVE = YES;
				CLANG_WARN_UNGUARDED_AVAILABILITY = YES_AGGRESSIVE;
				CLANG_WARN_UNREACHABLE_CODE = YES;
				CLANG_WARN__DUPLICATE_METHOD_MATCH = YES;
				COPY_PHASE_STRIP = NO;
				DEBUG_INFORMATION_FORMAT = "dwarf-with-dsym";
				ENABLE_NS_ASSERTIONS = NO;
				ENABLE_STRICT_OBJC_MSGSEND = YES;
				ENABLE_USER_SCRIPT_SANDBOXING = YES;
				GCC_C_LANGUAGE_STANDARD = gnu17;
				GCC_NO_COMMON_BLOCKS = YES;
				GCC_WARN_64_TO_32_BIT_CONVERSION = YES;
				GCC_WARN_ABOUT_RETURN_TYPE = YES_ERROR;
				GCC_WARN_UNDECLARED_SELECTOR = YES;
				GCC_WARN_UNINITIALIZED_AUTOS = YES_AGGRESSIVE;
				GCC_WARN_UNUSED_FUNCTION = YES;
				GCC_WARN_UNUSED_VARIABLE = YES;
				IPHONEOS_DEPLOYMENT_TARGET = 18.4;
				LOCALIZATION_PREFERS_STRING_CATALOGS = YES;
				MTL_ENABLE_DEBUG_INFO = NO;
				MTL_FAST_MATH = YES;
				SDKROOT = iphoneos;
				SWIFT_COMPILATION_MODE = wholemodule;
				VALIDATE_PRODUCT = YES;
			};
			name = Release;
		};
/* End XCBuildConfiguration section */

/* Begin XCConfigurationList section */
		FEEC17432EBA573100FD105A /* Build configuration list for PBXProject "MultiSort" */ = {
			isa = XCConfigurationList;
			buildConfigurations = (
				FEEC17612EBA573300FD105A /* Debug */,
				FEEC17622EBA573300FD105A /* Release */,
			);
			defaultConfigurationIsVisible = 0;
			defaultConfigurationName = Release;
		};
		FEEC175E2EBA573300FD105A /* Build configuration list for PBXNativeTarget "MultiSort" */ = {
			isa = XCConfigurationList;
			buildConfigurations = (
				FEEC175F2EBA573300FD105A /* Debug */,
				FEEC17602EBA573300FD105A /* Release */,
			);
			defaultConfigurationIsVisible = 0;
			defaultConfigurationName = Release;
		};
/* End XCConfigurationList section */

/* Begin XCVersionGroup section */
		FEEC176A2EBA574100FD105A /* MultiSort.xcdatamodeld */ = {
			isa = XCVersionGroup;
			children = (
				FEEC176E2EBA574100FD105A /* MultiSort.xcdatamodel */,
			);
			currentVersion = FEEC176E2EBA574100FD105A /* MultiSort.xcdatamodel */;
			path = MultiSort.xcdatamodeld;
			sourceTree = "<group>";
			versionGroupType = wrapper.xcdatamodel;
		};
/* End XCVersionGroup section */
	};
	rootObject = FEEC17402EBA573100FD105A /* Project object */;
}
